// !$*UTF8*$!
{
	archiveVersion = 1;
	classes = {
	};
	objectVersion = 48;
	objects = {

/* Begin PBXBuildFile section */
		2FEEF41C1FDEC8A00042BD73 /* AppDelegate.swift in Sources */ = {isa = PBXBuildFile; fileRef = 2FEEF41B1FDEC8A00042BD73 /* AppDelegate.swift */; };
		2FEEF41E1FDEC8A00042BD73 /* ViewController.swift in Sources */ = {isa = PBXBuildFile; fileRef = 2FEEF41D1FDEC8A00042BD73 /* ViewController.swift */; };
		2FEEF4211FDEC8A00042BD73 /* Main.storyboard in Resources */ = {isa = PBXBuildFile; fileRef = 2FEEF41F1FDEC8A00042BD73 /* Main.storyboard */; };
		2FEEF4231FDEC8A00042BD73 /* Assets.xcassets in Resources */ = {isa = PBXBuildFile; fileRef = 2FEEF4221FDEC8A00042BD73 /* Assets.xcassets */; };
		2FEEF4261FDEC8A00042BD73 /* LaunchScreen.storyboard in Resources */ = {isa = PBXBuildFile; fileRef = 2FEEF4241FDEC8A00042BD73 /* LaunchScreen.storyboard */; };
		2FEEF4311FDEC8A10042BD73 /* ConcentrationTests.swift in Sources */ = {isa = PBXBuildFile; fileRef = 2FEEF4301FDEC8A10042BD73 /* ConcentrationTests.swift */; };
		2FEEF43C1FDEC8A10042BD73 /* ConcentrationUITests.swift in Sources */ = {isa = PBXBuildFile; fileRef = 2FEEF43B1FDEC8A10042BD73 /* ConcentrationUITests.swift */; };
		2FEEF44A1FDFC1480042BD73 /* Concentration.swift in Sources */ = {isa = PBXBuildFile; fileRef = 2FEEF4491FDFC1480042BD73 /* Concentration.swift */; };
		2FEEF44C1FDFC2510042BD73 /* Card.swift in Sources */ = {isa = PBXBuildFile; fileRef = 2FEEF44B1FDFC2510042BD73 /* Card.swift */; };
		2FEEF4521FE0101C0042BD73 /* Theme.swift in Sources */ = {isa = PBXBuildFile; fileRef = 2FEEF4511FE0101C0042BD73 /* Theme.swift */; };
/* End PBXBuildFile section */

/* Begin PBXContainerItemProxy section */
		2FEEF42D1FDEC8A10042BD73 /* PBXContainerItemProxy */ = {
			isa = PBXContainerItemProxy;
			containerPortal = 2FEEF4101FDEC8A00042BD73 /* Project object */;
			proxyType = 1;
			remoteGlobalIDString = 2FEEF4171FDEC8A00042BD73;
			remoteInfo = Concentration;
		};
		2FEEF4381FDEC8A10042BD73 /* PBXContainerItemProxy */ = {
			isa = PBXContainerItemProxy;
			containerPortal = 2FEEF4101FDEC8A00042BD73 /* Project object */;
			proxyType = 1;
			remoteGlobalIDString = 2FEEF4171FDEC8A00042BD73;
			remoteInfo = Concentration;
		};
/* End PBXContainerItemProxy section */

/* Begin PBXFileReference section */
		2FEEF4181FDEC8A00042BD73 /* Concentration.app */ = {isa = PBXFileReference; explicitFileType = wrapper.application; includeInIndex = 0; path = Concentration.app; sourceTree = BUILT_PRODUCTS_DIR; };
		2FEEF41B1FDEC8A00042BD73 /* AppDelegate.swift */ = {isa = PBXFileReference; lastKnownFileType = sourcecode.swift; path = AppDelegate.swift; sourceTree = "<group>"; };
		2FEEF41D1FDEC8A00042BD73 /* ViewController.swift */ = {isa = PBXFileReference; lastKnownFileType = sourcecode.swift; path = ViewController.swift; sourceTree = "<group>"; };
		2FEEF4201FDEC8A00042BD73 /* Base */ = {isa = PBXFileReference; lastKnownFileType = file.storyboard; name = Base; path = Base.lproj/Main.storyboard; sourceTree = "<group>"; };
		2FEEF4221FDEC8A00042BD73 /* Assets.xcassets */ = {isa = PBXFileReference; lastKnownFileType = folder.assetcatalog; path = Assets.xcassets; sourceTree = "<group>"; };
		2FEEF4251FDEC8A00042BD73 /* Base */ = {isa = PBXFileReference; lastKnownFileType = file.storyboard; name = Base; path = Base.lproj/LaunchScreen.storyboard; sourceTree = "<group>"; };
		2FEEF4271FDEC8A00042BD73 /* Info.plist */ = {isa = PBXFileReference; lastKnownFileType = text.plist.xml; path = Info.plist; sourceTree = "<group>"; };
		2FEEF42C1FDEC8A10042BD73 /* ConcentrationTests.xctest */ = {isa = PBXFileReference; explicitFileType = wrapper.cfbundle; includeInIndex = 0; path = ConcentrationTests.xctest; sourceTree = BUILT_PRODUCTS_DIR; };
		2FEEF4301FDEC8A10042BD73 /* ConcentrationTests.swift */ = {isa = PBXFileReference; lastKnownFileType = sourcecode.swift; path = ConcentrationTests.swift; sourceTree = "<group>"; };
		2FEEF4321FDEC8A10042BD73 /* Info.plist */ = {isa = PBXFileReference; lastKnownFileType = text.plist.xml; path = Info.plist; sourceTree = "<group>"; };
		2FEEF4371FDEC8A10042BD73 /* ConcentrationUITests.xctest */ = {isa = PBXFileReference; explicitFileType = wrapper.cfbundle; includeInIndex = 0; path = ConcentrationUITests.xctest; sourceTree = BUILT_PRODUCTS_DIR; };
		2FEEF43B1FDEC8A10042BD73 /* ConcentrationUITests.swift */ = {isa = PBXFileReference; lastKnownFileType = sourcecode.swift; path = ConcentrationUITests.swift; sourceTree = "<group>"; };
		2FEEF43D1FDEC8A10042BD73 /* Info.plist */ = {isa = PBXFileReference; lastKnownFileType = text.plist.xml; path = Info.plist; sourceTree = "<group>"; };
		2FEEF4491FDFC1480042BD73 /* Concentration.swift */ = {isa = PBXFileReference; lastKnownFileType = sourcecode.swift; path = Concentration.swift; sourceTree = "<group>"; };
		2FEEF44B1FDFC2510042BD73 /* Card.swift */ = {isa = PBXFileReference; lastKnownFileType = sourcecode.swift; path = Card.swift; sourceTree = "<group>"; };
		2FEEF4511FE0101C0042BD73 /* Theme.swift */ = {isa = PBXFileReference; lastKnownFileType = sourcecode.swift; path = Theme.swift; sourceTree = "<group>"; };
/* End PBXFileReference section */

/* Begin PBXFrameworksBuildPhase section */
		2FEEF4151FDEC8A00042BD73 /* Frameworks */ = {
			isa = PBXFrameworksBuildPhase;
			buildActionMask = 2147483647;
			files = (
			);
			runOnlyForDeploymentPostprocessing = 0;
		};
		2FEEF4291FDEC8A10042BD73 /* Frameworks */ = {
			isa = PBXFrameworksBuildPhase;
			buildActionMask = 2147483647;
			files = (
			);
			runOnlyForDeploymentPostprocessing = 0;
		};
		2FEEF4341FDEC8A10042BD73 /* Frameworks */ = {
			isa = PBXFrameworksBuildPhase;
			buildActionMask = 2147483647;
			files = (
			);
			runOnlyForDeploymentPostprocessing = 0;
		};
/* End PBXFrameworksBuildPhase section */

/* Begin PBXGroup section */
		2FEEF40F1FDEC8A00042BD73 = {
			isa = PBXGroup;
			children = (
				2FEEF41A1FDEC8A00042BD73 /* Concentration */,
				2FEEF42F1FDEC8A10042BD73 /* ConcentrationTests */,
				2FEEF43A1FDEC8A10042BD73 /* ConcentrationUITests */,
				2FEEF4191FDEC8A00042BD73 /* Products */,
			);
			sourceTree = "<group>";
		};
		2FEEF4191FDEC8A00042BD73 /* Products */ = {
			isa = PBXGroup;
			children = (
				2FEEF4181FDEC8A00042BD73 /* Concentration.app */,
				2FEEF42C1FDEC8A10042BD73 /* ConcentrationTests.xctest */,
				2FEEF4371FDEC8A10042BD73 /* ConcentrationUITests.xctest */,
			);
			name = Products;
			sourceTree = "<group>";
		};
		2FEEF41A1FDEC8A00042BD73 /* Concentration */ = {
			isa = PBXGroup;
			children = (
				2FEEF41B1FDEC8A00042BD73 /* AppDelegate.swift */,
				2FEEF41D1FDEC8A00042BD73 /* ViewController.swift */,
				2FEEF4511FE0101C0042BD73 /* Theme.swift */,
				2FEEF41F1FDEC8A00042BD73 /* Main.storyboard */,
				2FEEF4491FDFC1480042BD73 /* Concentration.swift */,
				2FEEF44B1FDFC2510042BD73 /* Card.swift */,
				2FEEF4221FDEC8A00042BD73 /* Assets.xcassets */,
				2FEEF4241FDEC8A00042BD73 /* LaunchScreen.storyboard */,
				2FEEF4271FDEC8A00042BD73 /* Info.plist */,
			);
			path = Concentration;
			sourceTree = "<group>";
		};
		2FEEF42F1FDEC8A10042BD73 /* ConcentrationTests */ = {
			isa = PBXGroup;
			children = (
				2FEEF4301FDEC8A10042BD73 /* ConcentrationTests.swift */,
				2FEEF4321FDEC8A10042BD73 /* Info.plist */,
			);
			path = ConcentrationTests;
			sourceTree = "<group>";
		};
		2FEEF43A1FDEC8A10042BD73 /* ConcentrationUITests */ = {
			isa = PBXGroup;
			children = (
				2FEEF43B1FDEC8A10042BD73 /* ConcentrationUITests.swift */,
				2FEEF43D1FDEC8A10042BD73 /* Info.plist */,
			);
			path = ConcentrationUITests;
			sourceTree = "<group>";
		};
/* End PBXGroup section */

/* Begin PBXNativeTarget section */
		2FEEF4171FDEC8A00042BD73 /* Concentration */ = {
			isa = PBXNativeTarget;
			buildConfigurationList = 2FEEF4401FDEC8A10042BD73 /* Build configuration list for PBXNativeTarget "Concentration" */;
			buildPhases = (
				2FEEF4141FDEC8A00042BD73 /* Sources */,
				2FEEF4151FDEC8A00042BD73 /* Frameworks */,
				2FEEF4161FDEC8A00042BD73 /* Resources */,
			);
			buildRules = (
			);
			dependencies = (
			);
			name = Concentration;
			productName = Concentration;
			productReference = 2FEEF4181FDEC8A00042BD73 /* Concentration.app */;
			productType = "com.apple.product-type.application";
		};
		2FEEF42B1FDEC8A10042BD73 /* ConcentrationTests */ = {
			isa = PBXNativeTarget;
			buildConfigurationList = 2FEEF4431FDEC8A10042BD73 /* Build configuration list for PBXNativeTarget "ConcentrationTests" */;
			buildPhases = (
				2FEEF4281FDEC8A10042BD73 /* Sources */,
				2FEEF4291FDEC8A10042BD73 /* Frameworks */,
				2FEEF42A1FDEC8A10042BD73 /* Resources */,
			);
			buildRules = (
			);
			dependencies = (
				2FEEF42E1FDEC8A10042BD73 /* PBXTargetDependency */,
			);
			name = ConcentrationTests;
			productName = ConcentrationTests;
			productReference = 2FEEF42C1FDEC8A10042BD73 /* ConcentrationTests.xctest */;
			productType = "com.apple.product-type.bundle.unit-test";
		};
		2FEEF4361FDEC8A10042BD73 /* ConcentrationUITests */ = {
			isa = PBXNativeTarget;
			buildConfigurationList = 2FEEF4461FDEC8A10042BD73 /* Build configuration list for PBXNativeTarget "ConcentrationUITests" */;
			buildPhases = (
				2FEEF4331FDEC8A10042BD73 /* Sources */,
				2FEEF4341FDEC8A10042BD73 /* Frameworks */,
				2FEEF4351FDEC8A10042BD73 /* Resources */,
			);
			buildRules = (
			);
			dependencies = (
				2FEEF4391FDEC8A10042BD73 /* PBXTargetDependency */,
			);
			name = ConcentrationUITests;
			productName = ConcentrationUITests;
			productReference = 2FEEF4371FDEC8A10042BD73 /* ConcentrationUITests.xctest */;
			productType = "com.apple.product-type.bundle.ui-testing";
		};
/* End PBXNativeTarget section */

/* Begin PBXProject section */
		2FEEF4101FDEC8A00042BD73 /* Project object */ = {
			isa = PBXProject;
			attributes = {
				LastSwiftUpdateCheck = 0920;
				LastUpgradeCheck = 0920;
				ORGANIZATIONNAME = "Maja Zafran";
				TargetAttributes = {
					2FEEF4171FDEC8A00042BD73 = {
						CreatedOnToolsVersion = 9.2;
						ProvisioningStyle = Automatic;
					};
					2FEEF42B1FDEC8A10042BD73 = {
						CreatedOnToolsVersion = 9.2;
						ProvisioningStyle = Automatic;
						TestTargetID = 2FEEF4171FDEC8A00042BD73;
					};
					2FEEF4361FDEC8A10042BD73 = {
						CreatedOnToolsVersion = 9.2;
						ProvisioningStyle = Automatic;
						TestTargetID = 2FEEF4171FDEC8A00042BD73;
					};
				};
			};
			buildConfigurationList = 2FEEF4131FDEC8A00042BD73 /* Build configuration list for PBXProject "Concentration" */;
			compatibilityVersion = "Xcode 8.0";
			developmentRegion = en;
			hasScannedForEncodings = 0;
			knownRegions = (
				en,
				Base,
			);
			mainGroup = 2FEEF40F1FDEC8A00042BD73;
			productRefGroup = 2FEEF4191FDEC8A00042BD73 /* Products */;
			projectDirPath = "";
			projectRoot = "";
			targets = (
				2FEEF4171FDEC8A00042BD73 /* Concentration */,
				2FEEF42B1FDEC8A10042BD73 /* ConcentrationTests */,
				2FEEF4361FDEC8A10042BD73 /* ConcentrationUITests */,
			);
		};
/* End PBXProject section */

/* Begin PBXResourcesBuildPhase section */
		2FEEF4161FDEC8A00042BD73 /* Resources */ = {
			isa = PBXResourcesBuildPhase;
			buildActionMask = 2147483647;
			files = (
				2FEEF4261FDEC8A00042BD73 /* LaunchScreen.storyboard in Resources */,
				2FEEF4231FDEC8A00042BD73 /* Assets.xcassets in Resources */,
				2FEEF4211FDEC8A00042BD73 /* Main.storyboard in Resources */,
			);
			runOnlyForDeploymentPostprocessing = 0;
		};
		2FEEF42A1FDEC8A10042BD73 /* Resources */ = {
			isa = PBXResourcesBuildPhase;
			buildActionMask = 2147483647;
			files = (
			);
			runOnlyForDeploymentPostprocessing = 0;
		};
		2FEEF4351FDEC8A10042BD73 /* Resources */ = {
			isa = PBXResourcesBuildPhase;
			buildActionMask = 2147483647;
			files = (
			);
			runOnlyForDeploymentPostprocessing = 0;
		};
/* End PBXResourcesBuildPhase section */

/* Begin PBXSourcesBuildPhase section */
		2FEEF4141FDEC8A00042BD73 /* Sources */ = {
			isa = PBXSourcesBuildPhase;
			buildActionMask = 2147483647;
			files = (
				2FEEF41E1FDEC8A00042BD73 /* ViewController.swift in Sources */,
				2FEEF41C1FDEC8A00042BD73 /* AppDelegate.swift in Sources */,
				2FEEF4521FE0101C0042BD73 /* Theme.swift in Sources */,
				2FEEF44A1FDFC1480042BD73 /* Concentration.swift in Sources */,
				2FEEF44C1FDFC2510042BD73 /* Card.swift in Sources */,
			);
			runOnlyForDeploymentPostprocessing = 0;
		};
		2FEEF4281FDEC8A10042BD73 /* Sources */ = {
			isa = PBXSourcesBuildPhase;
			buildActionMask = 2147483647;
			files = (
				2FEEF4311FDEC8A10042BD73 /* ConcentrationTests.swift in Sources */,
			);
			runOnlyForDeploymentPostprocessing = 0;
		};
		2FEEF4331FDEC8A10042BD73 /* Sources */ = {
			isa = PBXSourcesBuildPhase;
			buildActionMask = 2147483647;
			files = (
				2FEEF43C1FDEC8A10042BD73 /* ConcentrationUITests.swift in Sources */,
			);
			runOnlyForDeploymentPostprocessing = 0;
		};
/* End PBXSourcesBuildPhase section */

/* Begin PBXTargetDependency section */
		2FEEF42E1FDEC8A10042BD73 /* PBXTargetDependency */ = {
			isa = PBXTargetDependency;
			target = 2FEEF4171FDEC8A00042BD73 /* Concentration */;
			targetProxy = 2FEEF42D1FDEC8A10042BD73 /* PBXContainerItemProxy */;
		};
		2FEEF4391FDEC8A10042BD73 /* PBXTargetDependency */ = {
			isa = PBXTargetDependency;
			target = 2FEEF4171FDEC8A00042BD73 /* Concentration */;
			targetProxy = 2FEEF4381FDEC8A10042BD73 /* PBXContainerItemProxy */;
		};
/* End PBXTargetDependency section */

/* Begin PBXVariantGroup section */
		2FEEF41F1FDEC8A00042BD73 /* Main.storyboard */ = {
			isa = PBXVariantGroup;
			children = (
				2FEEF4201FDEC8A00042BD73 /* Base */,
			);
			name = Main.storyboard;
			sourceTree = "<group>";
		};
		2FEEF4241FDEC8A00042BD73 /* LaunchScreen.storyboard */ = {
			isa = PBXVariantGroup;
			children = (
				2FEEF4251FDEC8A00042BD73 /* Base */,
			);
			name = LaunchScreen.storyboard;
			sourceTree = "<group>";
		};
/* End PBXVariantGroup section */

/* Begin XCBuildConfiguration section */
		2FEEF43E1FDEC8A10042BD73 /* Debug */ = {
			isa = XCBuildConfiguration;
			buildSettings = {
				ALWAYS_SEARCH_USER_PATHS = NO;
				CLANG_ANALYZER_NONNULL = YES;
				CLANG_ANALYZER_NUMBER_OBJECT_CONVERSION = YES_AGGRESSIVE;
				CLANG_CXX_LANGUAGE_STANDARD = "gnu++14";
				CLANG_CXX_LIBRARY = "libc++";
				CLANG_ENABLE_MODULES = YES;
				CLANG_ENABLE_OBJC_ARC = YES;
				CLANG_WARN_BLOCK_CAPTURE_AUTORELEASING = YES;
				CLANG_WARN_BOOL_CONVERSION = YES;
				CLANG_WARN_COMMA = YES;
				CLANG_WARN_CONSTANT_CONVERSION = YES;
				CLANG_WARN_DIRECT_OBJC_ISA_USAGE = YES_ERROR;
				CLANG_WARN_DOCUMENTATION_COMMENTS = YES;
				CLANG_WARN_EMPTY_BODY = YES;
				CLANG_WARN_ENUM_CONVERSION = YES;
				CLANG_WARN_INFINITE_RECURSION = YES;
				CLANG_WARN_INT_CONVERSION = YES;
				CLANG_WARN_NON_LITERAL_NULL_CONVERSION = YES;
				CLANG_WARN_OBJC_LITERAL_CONVERSION = YES;
				CLANG_WARN_OBJC_ROOT_CLASS = YES_ERROR;
				CLANG_WARN_RANGE_LOOP_ANALYSIS = YES;
				CLANG_WARN_STRICT_PROTOTYPES = YES;
				CLANG_WARN_SUSPICIOUS_MOVE = YES;
				CLANG_WARN_UNGUARDED_AVAILABILITY = YES_AGGRESSIVE;
				CLANG_WARN_UNREACHABLE_CODE = YES;
				CLANG_WARN__DUPLICATE_METHOD_MATCH = YES;
				CODE_SIGN_IDENTITY = "iPhone Developer";
				COPY_PHASE_STRIP = NO;
				DEBUG_INFORMATION_FORMAT = dwarf;
				ENABLE_STRICT_OBJC_MSGSEND = YES;
				ENABLE_TESTABILITY = YES;
				GCC_C_LANGUAGE_STANDARD = gnu11;
				GCC_DYNAMIC_NO_PIC = NO;
				GCC_NO_COMMON_BLOCKS = YES;
				GCC_OPTIMIZATION_LEVEL = 0;
				GCC_PREPROCESSOR_DEFINITIONS = (
					"DEBUG=1",
					"$(inherited)",
				);
				GCC_WARN_64_TO_32_BIT_CONVERSION = YES;
				GCC_WARN_ABOUT_RETURN_TYPE = YES_ERROR;
				GCC_WARN_UNDECLARED_SELECTOR = YES;
				GCC_WARN_UNINITIALIZED_AUTOS = YES_AGGRESSIVE;
				GCC_WARN_UNUSED_FUNCTION = YES;
				GCC_WARN_UNUSED_VARIABLE = YES;
				IPHONEOS_DEPLOYMENT_TARGET = 11.2;
				MTL_ENABLE_DEBUG_INFO = YES;
				ONLY_ACTIVE_ARCH = YES;
				SDKROOT = iphoneos;
				SWIFT_ACTIVE_COMPILATION_CONDITIONS = DEBUG;
				SWIFT_OPTIMIZATION_LEVEL = "-Onone";
			};
			name = Debug;
		};
		2FEEF43F1FDEC8A10042BD73 /* Release */ = {
			isa = XCBuildConfiguration;
			buildSettings = {
				ALWAYS_SEARCH_USER_PATHS = NO;
				CLANG_ANALYZER_NONNULL = YES;
				CLANG_ANALYZER_NUMBER_OBJECT_CONVERSION = YES_AGGRESSIVE;
				CLANG_CXX_LANGUAGE_STANDARD = "gnu++14";
				CLANG_CXX_LIBRARY = "libc++";
				CLANG_ENABLE_MODULES = YES;
				CLANG_ENABLE_OBJC_ARC = YES;
				CLANG_WARN_BLOCK_CAPTURE_AUTORELEASING = YES;
				CLANG_WARN_BOOL_CONVERSION = YES;
				CLANG_WARN_COMMA = YES;
				CLANG_WARN_CONSTANT_CONVERSION = YES;
				CLANG_WARN_DIRECT_OBJC_ISA_USAGE = YES_ERROR;
				CLANG_WARN_DOCUMENTATION_COMMENTS = YES;
				CLANG_WARN_EMPTY_BODY = YES;
				CLANG_WARN_ENUM_CONVERSION = YES;
				CLANG_WARN_INFINITE_RECURSION = YES;
				CLANG_WARN_INT_CONVERSION = YES;
				CLANG_WARN_NON_LITERAL_NULL_CONVERSION = YES;
				CLANG_WARN_OBJC_LITERAL_CONVERSION = YES;
				CLANG_WARN_OBJC_ROOT_CLASS = YES_ERROR;
				CLANG_WARN_RANGE_LOOP_ANALYSIS = YES;
				CLANG_WARN_STRICT_PROTOTYPES = YES;
				CLANG_WARN_SUSPICIOUS_MOVE = YES;
				CLANG_WARN_UNGUARDED_AVAILABILITY = YES_AGGRESSIVE;
				CLANG_WARN_UNREACHABLE_CODE = YES;
				CLANG_WARN__DUPLICATE_METHOD_MATCH = YES;
				CODE_SIGN_IDENTITY = "iPhone Developer";
				COPY_PHASE_STRIP = NO;
				DEBUG_INFORMATION_FORMAT = "dwarf-with-dsym";
				ENABLE_NS_ASSERTIONS = NO;
				ENABLE_STRICT_OBJC_MSGSEND = YES;
				GCC_C_LANGUAGE_STANDARD = gnu11;
				GCC_NO_COMMON_BLOCKS = YES;
				GCC_WARN_64_TO_32_BIT_CONVERSION = YES;
				GCC_WARN_ABOUT_RETURN_TYPE = YES_ERROR;
				GCC_WARN_UNDECLARED_SELECTOR = YES;
				GCC_WARN_UNINITIALIZED_AUTOS = YES_AGGRESSIVE;
				GCC_WARN_UNUSED_FUNCTION = YES;
				GCC_WARN_UNUSED_VARIABLE = YES;
				IPHONEOS_DEPLOYMENT_TARGET = 11.2;
				MTL_ENABLE_DEBUG_INFO = NO;
				SDKROOT = iphoneos;
				SWIFT_OPTIMIZATION_LEVEL = "-Owholemodule";
				VALIDATE_PRODUCT = YES;
			};
			name = Release;
		};
		2FEEF4411FDEC8A10042BD73 /* Debug */ = {
			isa = XCBuildConfiguration;
			buildSettings = {
				ASSETCATALOG_COMPILER_APPICON_NAME = AppIcon;
				CODE_SIGN_STYLE = Automatic;
				DEVELOPMENT_TEAM = D52GJPJ44D;
				INFOPLIST_FILE = Concentration/Info.plist;
				LD_RUNPATH_SEARCH_PATHS = "$(inherited) @executable_path/Frameworks";
				PRODUCT_BUNDLE_IDENTIFIER = com.redssie.Concentration;
				PRODUCT_NAME = "$(TARGET_NAME)";
				SWIFT_VERSION = 4.0;
				TARGETED_DEVICE_FAMILY = "1,2";
			};
			name = Debug;
		};
		2FEEF4421FDEC8A10042BD73 /* Release */ = {
			isa = XCBuildConfiguration;
			buildSettings = {
				ASSETCATALOG_COMPILER_APPICON_NAME = AppIcon;
				CODE_SIGN_STYLE = Automatic;
				DEVELOPMENT_TEAM = D52GJPJ44D;
				INFOPLIST_FILE = Concentration/Info.plist;
				LD_RUNPATH_SEARCH_PATHS = "$(inherited) @executable_path/Frameworks";
				PRODUCT_BUNDLE_IDENTIFIER = com.redssie.Concentration;
				PRODUCT_NAME = "$(TARGET_NAME)";
				SWIFT_VERSION = 4.0;
				TARGETED_DEVICE_FAMILY = "1,2";
			};
			name = Release;
		};
		2FEEF4441FDEC8A10042BD73 /* Debug */ = {
			isa = XCBuildConfiguration;
			buildSettings = {
				ALWAYS_EMBED_SWIFT_STANDARD_LIBRARIES = YES;
				BUNDLE_LOADER = "$(TEST_HOST)";
				CODE_SIGN_STYLE = Automatic;
				DEVELOPMENT_TEAM = D52GJPJ44D;
				INFOPLIST_FILE = ConcentrationTests/Info.plist;
				LD_RUNPATH_SEARCH_PATHS = "$(inherited) @executable_path/Frameworks @loader_path/Frameworks";
				PRODUCT_BUNDLE_IDENTIFIER = com.redssie.ConcentrationTests;
				PRODUCT_NAME = "$(TARGET_NAME)";
				SWIFT_VERSION = 4.0;
				TARGETED_DEVICE_FAMILY = "1,2";
				TEST_HOST = "$(BUILT_PRODUCTS_DIR)/Concentration.app/Concentration";
			};
			name = Debug;
		};
		2FEEF4451FDEC8A10042BD73 /* Release */ = {
			isa = XCBuildConfiguration;
			buildSettings = {
				ALWAYS_EMBED_SWIFT_STANDARD_LIBRARIES = YES;
				BUNDLE_LOADER = "$(TEST_HOST)";
				CODE_SIGN_STYLE = Automatic;
				DEVELOPMENT_TEAM = D52GJPJ44D;
				INFOPLIST_FILE = ConcentrationTests/Info.plist;
				LD_RUNPATH_SEARCH_PATHS = "$(inherited) @executable_path/Frameworks @loader_path/Frameworks";
				PRODUCT_BUNDLE_IDENTIFIER = com.redssie.ConcentrationTests;
				PRODUCT_NAME = "$(TARGET_NAME)";
				SWIFT_VERSION = 4.0;
				TARGETED_DEVICE_FAMILY = "1,2";
				TEST_HOST = "$(BUILT_PRODUCTS_DIR)/Concentration.app/Concentration";
			};
			name = Release;
		};
		2FEEF4471FDEC8A10042BD73 /* Debug */ = {
			isa = XCBuildConfiguration;
			buildSettings = {
				ALWAYS_EMBED_SWIFT_STANDARD_LIBRARIES = YES;
				CODE_SIGN_STYLE = Automatic;
				DEVELOPMENT_TEAM = D52GJPJ44D;
				INFOPLIST_FILE = ConcentrationUITests/Info.plist;
				LD_RUNPATH_SEARCH_PATHS = "$(inherited) @executable_path/Frameworks @loader_path/Frameworks";
				PRODUCT_BUNDLE_IDENTIFIER = com.redssie.ConcentrationUITests;
				PRODUCT_NAME = "$(TARGET_NAME)";
				SWIFT_VERSION = 4.0;
				TARGETED_DEVICE_FAMILY = "1,2";
				TEST_TARGET_NAME = Concentration;
			};
			name = Debug;
		};
		2FEEF4481FDEC8A10042BD73 /* Release */ = {
			isa = XCBuildConfiguration;
			buildSettings = {
				ALWAYS_EMBED_SWIFT_STANDARD_LIBRARIES = YES;
				CODE_SIGN_STYLE = Automatic;
				DEVELOPMENT_TEAM = D52GJPJ44D;
				INFOPLIST_FILE = ConcentrationUITests/Info.plist;
				LD_RUNPATH_SEARCH_PATHS = "$(inherited) @executable_path/Frameworks @loader_path/Frameworks";
				PRODUCT_BUNDLE_IDENTIFIER = com.redssie.ConcentrationUITests;
				PRODUCT_NAME = "$(TARGET_NAME)";
				SWIFT_VERSION = 4.0;
				TARGETED_DEVICE_FAMILY = "1,2";
				TEST_TARGET_NAME = Concentration;
			};
			name = Release;
		};
/* End XCBuildConfiguration section */

/* Begin XCConfigurationList section */
		2FEEF4131FDEC8A00042BD73 /* Build configuration list for PBXProject "Concentration" */ = {
			isa = XCConfigurationList;
			buildConfigurations = (
				2FEEF43E1FDEC8A10042BD73 /* Debug */,
				2FEEF43F1FDEC8A10042BD73 /* Release */,
			);
			defaultConfigurationIsVisible = 0;
			defaultConfigurationName = Release;
		};
		2FEEF4401FDEC8A10042BD73 /* Build configuration list for PBXNativeTarget "Concentration" */ = {
			isa = XCConfigurationList;
			buildConfigurations = (
				2FEEF4411FDEC8A10042BD73 /* Debug */,
				2FEEF4421FDEC8A10042BD73 /* Release */,
			);
			defaultConfigurationIsVisible = 0;
			defaultConfigurationName = Release;
		};
		2FEEF4431FDEC8A10042BD73 /* Build configuration list for PBXNativeTarget "ConcentrationTests" */ = {
			isa = XCConfigurationList;
			buildConfigurations = (
				2FEEF4441FDEC8A10042BD73 /* Debug */,
				2FEEF4451FDEC8A10042BD73 /* Release */,
			);
			defaultConfigurationIsVisible = 0;
			defaultConfigurationName = Release;
		};
		2FEEF4461FDEC8A10042BD73 /* Build configuration list for PBXNativeTarget "ConcentrationUITests" */ = {
			isa = XCConfigurationList;
			buildConfigurations = (
				2FEEF4471FDEC8A10042BD73 /* Debug */,
				2FEEF4481FDEC8A10042BD73 /* Release */,
			);
			defaultConfigurationIsVisible = 0;
			defaultConfigurationName = Release;
		};
/* End XCConfigurationList section */
	};
	rootObject = 2FEEF4101FDEC8A00042BD73 /* Project object */;
}
